{
  "name": "roblox-bat",
  "version": "0.1.0",
  "lockfileVersion": 2,
  "requires": true,
  "packages": {
    "": {
      "name": "roblox-bat",
      "version": "0.1.0",
      "license": "MIT",
      "dependencies": {
        "@deno/shim-crypto": "~0.3.1",
        "undici": "^5.21.0"
      },
      "devDependencies": {
        "@types/node": "^18.11.9",
        "picocolors": "^1.0.0"
      }
    },
    "node_modules/@deno/shim-crypto": {
      "version": "0.3.1",
      "resolved": "https://registry.npmjs.org/@deno/shim-crypto/-/shim-crypto-0.3.1.tgz",
      "integrity": "sha512-ed4pNnfur6UbASEgF34gVxR9p7Mc3qF+Ygbmjiil8ws5IhNFhPDFy5vE5hQAUA9JmVsSxXPcVLM5Rf8LOZqQ5Q=="
    },
    "node_modules/@types/node": {
      "version": "18.17.14",
      "resolved": "https://registry.npmjs.org/@types/node/-/node-18.17.14.tgz",
      "integrity": "sha512-ZE/5aB73CyGqgQULkLG87N9GnyGe5TcQjv34pwS8tfBs1IkCh0ASM69mydb2znqd6v0eX+9Ytvk6oQRqu8T1Vw==",
      "dev": true
    },
    "node_modules/busboy": {
      "version": "1.6.0",
      "resolved": "https://registry.npmjs.org/busboy/-/busboy-1.6.0.tgz",
      "integrity": "sha512-8SFQbg/0hQ9xy3UNTB0YEnsNBbWfhf7RtnzpL7TkBiTBRfrQ9Fxcnz7VJsleJpyp6rVLvXiuORqjlHi5q+PYuA==",
      "dependencies": {
        "streamsearch": "^1.1.0"
      },
      "engines": {
        "node": ">=10.16.0"
      }
    },
    "node_modules/picocolors": {
      "version": "1.0.0",
      "resolved": "https://registry.npmjs.org/picocolors/-/picocolors-1.0.0.tgz",
      "integrity": "sha512-1fygroTLlHu66zi26VoTDv8yRgm0Fccecssto+MhsZ0D/DGW2sm8E8AjW7NU5VVTRt5GxbeZ5qBuJr+HyLYkjQ==",
      "dev": true
    },
    "node_modules/streamsearch": {
      "version": "1.1.0",
      "resolved": "https://registry.npmjs.org/streamsearch/-/streamsearch-1.1.0.tgz",
      "integrity": "sha512-Mcc5wHehp9aXz1ax6bZUyY5afg9u2rv5cqQI3mRrYkGC8rW2hM02jWuwjtL++LS5qinSyhj2QfLyNsuc+VsExg==",
      "engines": {
        "node": ">=10.0.0"
      }
    },
    "node_modules/undici": {
      "version": "5.23.0",
      "resolved": "https://registry.npmjs.org/undici/-/undici-5.23.0.tgz",
      "integrity": "sha512-1D7w+fvRsqlQ9GscLBwcAJinqcZGHUKjbOmXdlE/v8BvEGXjeWAax+341q44EuTcHXXnfyKNbKRq4Lg7OzhMmg==",
      "dependencies": {
        "busboy": "^1.6.0"
      },
      "engines": {
        "node": ">=14.0"
      }
    }
  },
  "dependencies": {
    "@deno/shim-crypto": {
      "version": "0.3.1",
      "resolved": "https://registry.npmjs.org/@deno/shim-crypto/-/shim-crypto-0.3.1.tgz",
      "integrity": "sha512-ed4pNnfur6UbASEgF34gVxR9p7Mc3qF+Ygbmjiil8ws5IhNFhPDFy5vE5hQAUA9JmVsSxXPcVLM5Rf8LOZqQ5Q=="
    },
    "@types/node": {
      "version": "18.17.14",
      "resolved": "https://registry.npmjs.org/@types/node/-/node-18.17.14.tgz",
      "integrity": "sha512-ZE/5aB73CyGqgQULkLG87N9GnyGe5TcQjv34pwS8tfBs1IkCh0ASM69mydb2znqd6v0eX+9Ytvk6oQRqu8T1Vw==",
      "dev": true
    },
    "busboy": {
      "version": "1.6.0",
      "resolved": "https://registry.npmjs.org/busboy/-/busboy-1.6.0.tgz",
      "integrity": "sha512-8SFQbg/0hQ9xy3UNTB0YEnsNBbWfhf7RtnzpL7TkBiTBRfrQ9Fxcnz7VJsleJpyp6rVLvXiuORqjlHi5q+PYuA==",
      "requires": {
        "streamsearch": "^1.1.0"
      }
    },
    "picocolors": {
      "version": "1.0.0",
      "resolved": "https://registry.npmjs.org/picocolors/-/picocolors-1.0.0.tgz",
      "integrity": "sha512-1fygroTLlHu66zi26VoTDv8yRgm0Fccecssto+MhsZ0D/DGW2sm8E8AjW7NU5VVTRt5GxbeZ5qBuJr+HyLYkjQ==",
      "dev": true
    },
    "streamsearch": {
      "version": "1.1.0",
      "resolved": "https://registry.npmjs.org/streamsearch/-/streamsearch-1.1.0.tgz",
      "integrity": "sha512-Mcc5wHehp9aXz1ax6bZUyY5afg9u2rv5cqQI3mRrYkGC8rW2hM02jWuwjtL++LS5qinSyhj2QfLyNsuc+VsExg=="
    },
    "undici": {
      "version": "5.23.0",
      "resolved": "https://registry.npmjs.org/undici/-/undici-5.23.0.tgz",
      "integrity": "sha512-1D7w+fvRsqlQ9GscLBwcAJinqcZGHUKjbOmXdlE/v8BvEGXjeWAax+341q44EuTcHXXnfyKNbKRq4Lg7OzhMmg==",
      "requires": {
        "busboy": "^1.6.0"
      }
    }
  }
}
